
Microsoft Visual Studio Solution File, Format Version 12.00
# Visual Studio Version 17
VisualStudioVersion = 17.8.34322.80
MinimumVisualStudioVersion = 10.0.40219.1
Project("{FAE04EC0-301F-11D3-BF4B-00C04F79EFBC}") = "PaisesAmerica", "PaisesAmerica\PaisesAmerica.csproj", "{546BACAD-CFFB-411D-BB34-A0AD2287ACDC}"
EndProject
Global
	GlobalSection(SolutionConfigurationPlatforms) = preSolution
		Debug|Any CPU = Debug|Any CPU
		Release|Any CPU = Release|Any CPU
	EndGlobalSection
	GlobalSection(ProjectConfigurationPlatforms) = postSolution
		{546BACAD-CFFB-411D-BB34-A0AD2287ACDC}.Debug|Any CPU.ActiveCfg = Debug|Any CPU
		{546BACAD-CFFB-411D-BB34-A0AD2287ACDC}.Debug|Any CPU.Build.0 = Debug|Any CPU
		{546BACAD-CFFB-411D-BB34-A0AD2287ACDC}.Release|Any CPU.ActiveCfg = Release|Any CPU
		{546BACAD-CFFB-411D-BB34-A0AD2287ACDC}.Release|Any CPU.Build.0 = Release|Any CPU
	EndGlobalSection
	GlobalSection(SolutionProperties) = preSolution
		HideSolutionNode = FALSE
	EndGlobalSection
	GlobalSection(ExtensibilityGlobals) = postSolution
		SolutionGuid = {DEFF9946-0FAE-4FA5-81ED-A93F552F1A1D}
	EndGlobalSection
EndGlobal
